
Microsoft Visual Studio Solution File, Format Version 12.00
# Visual Studio Version 16
VisualStudioVersion = 16.0.31605.320
MinimumVisualStudioVersion = 10.0.40219.1
Project("{FAE04EC0-301F-11D3-BF4B-00C04F79EFBC}") = "Vip.Xamarin.Base", "Vip.Xamarin.Base\Vip.Xamarin.Base.csproj", "{57F8D2C7-8BCC-4988-8A48-E87F6E68504A}"
EndProject
Global
	GlobalSection(SolutionConfigurationPlatforms) = preSolution
		Debug|Any CPU = Debug|Any CPU
		Release|Any CPU = Release|Any CPU
	EndGlobalSection
	GlobalSection(ProjectConfigurationPlatforms) = postSolution
		{57F8D2C7-8BCC-4988-8A48-E87F6E68504A}.Debug|Any CPU.ActiveCfg = Debug|Any CPU
		{57F8D2C7-8BCC-4988-8A48-E87F6E68504A}.Debug|Any CPU.Build.0 = Debug|Any CPU
		{57F8D2C7-8BCC-4988-8A48-E87F6E68504A}.Release|Any CPU.ActiveCfg = Release|Any CPU
		{57F8D2C7-8BCC-4988-8A48-E87F6E68504A}.Release|Any CPU.Build.0 = Release|Any CPU
	EndGlobalSection
	GlobalSection(SolutionProperties) = preSolution
		HideSolutionNode = FALSE
	EndGlobalSection
	GlobalSection(ExtensibilityGlobals) = postSolution
		SolutionGuid = {C0F91D7B-2DC3-458D-865B-6EB8D5CF76B3}
	EndGlobalSection
EndGlobal
